
Microsoft Visual Studio Solution File, Format Version 12.00
# Visual Studio Version 17
VisualStudioVersion = 17.9.34902.65
MinimumVisualStudioVersion = 10.0.40219.1
Project("{FAE04EC0-301F-11D3-BF4B-00C04F79EFBC}") = "Factory Design", "Factory Design\Factory Design.csproj", "{FBEEB763-9BC0-49FF-B799-CD62C2ABFA6F}"
EndProject
Global
	GlobalSection(SolutionConfigurationPlatforms) = preSolution
		Debug|Any CPU = Debug|Any CPU
		Release|Any CPU = Release|Any CPU
	EndGlobalSection
	GlobalSection(ProjectConfigurationPlatforms) = postSolution
		{FBEEB763-9BC0-49FF-B799-CD62C2ABFA6F}.Debug|Any CPU.ActiveCfg = Debug|Any CPU
		{FBEEB763-9BC0-49FF-B799-CD62C2ABFA6F}.Debug|Any CPU.Build.0 = Debug|Any CPU
		{FBEEB763-9BC0-49FF-B799-CD62C2ABFA6F}.Release|Any CPU.ActiveCfg = Release|Any CPU
		{FBEEB763-9BC0-49FF-B799-CD62C2ABFA6F}.Release|Any CPU.Build.0 = Release|Any CPU
	EndGlobalSection
	GlobalSection(SolutionProperties) = preSolution
		HideSolutionNode = FALSE
	EndGlobalSection
	GlobalSection(ExtensibilityGlobals) = postSolution
		SolutionGuid = {9102BBD8-8A60-402A-877D-18AA48A90F20}
	EndGlobalSection
EndGlobal
